<?xml version="1.0" encoding="utf-8"?>
<Project ToolsVersion="4.0" xmlns="http://schemas.microsoft.com/developer/msbuild/2003">
  <ItemGroup>
    <Filter Include="Source Files">
      <UniqueIdentifier>{4FC737F1-C7A5-4376-A066-2A32D752A2FF}</UniqueIdentifier>
      <Extensions>cpp;c;cc;cxx;c++;cppm;ixx;def;odl;idl;hpj;bat;asm;asmx</Extensions>
    </Filter>
    <Filter Include="Header Files">
      <UniqueIdentifier>{93995380-89BD-4b04-88EB-625FBE52EBFB}</UniqueIdentifier>
      <Extensions>h;hh;hpp;hxx;h++;hm;inl;inc;ipp;xsd</Extensions>
    </Filter>
    <Filter Include="Resource Files">
      <UniqueIdentifier>{67DA6AB6-F800-4c08-8B7A-83BB121AAD01}</UniqueIdentifier>
      <Extensions>rc;ico;cur;bmp;dlg;rc2;rct;bin;rgs;gif;jpg;jpeg;jpe;resx;tiff;tif;png;wav;mfcribbon-ms</Extensions>
    </Filter>
    <Filter Include="tests">
      <UniqueIdentifier>{07143d7b-3674-480f-b6b1-e9fd83e1eed0}</UniqueIdentifier>
    </Filter>
    <Filter Include="dlls">
      <UniqueIdentifier>{289da02a-4fd5-4735-b1a5-48f6266d5ad1}</UniqueIdentifier>
    </Filter>
    <Filter Include="dlls\gtestx64_debug">
      <UniqueIdentifier>{52f73a59-f2a3-431e-b6e0-586bd301bb98}</UniqueIdentifier>
    </Filter>
  </ItemGroup>
  <ItemGroup>
    <ClInclude Include="include\ConvexHull.hpp">
      <Filter>Header Files</Filter>
    </ClInclude>
    <ClInclude Include="include\Edge.hpp">
      <Filter>Header Files</Filter>
    </ClInclude>
    <ClInclude Include="include\GeometryUtils.hpp">
      <Filter>Header Files</Filter>
    </ClInclude>
    <ClInclude Include="include\Intersection.hpp">
      <Filter>Header Files</Filter>
    </ClInclude>
    <ClInclude Include="include\ListNode.hpp">
      <Filter>Header Files</Filter>
    </ClInclude>
    <ClInclude Include="include\Node.hpp">
      <Filter>Header Files</Filter>
    </ClInclude>
    <ClInclude Include="include\Point.hpp">
      <Filter>Header Files</Filter>
    </ClInclude>
    <ClInclude Include="include\Polygon.hpp">
      <Filter>Header Files</Filter>
    </ClInclude>
    <ClInclude Include="include\Stack.hpp">
      <Filter>Header Files</Filter>
    </ClInclude>
    <ClInclude Include="include\Vertex.hpp">
      <Filter>Header Files</Filter>
    </ClInclude>
    <ClInclude Include="include\PlaneSweep.hpp">
      <Filter>Header Files</Filter>
    </ClInclude>
    <ClInclude Include="include\Dictionary.hpp">
      <Filter>Header Files</Filter>
    </ClInclude>
    <ClInclude Include="include\RandomizedNode.hpp">
      <Filter>Header Files</Filter>
    </ClInclude>
    <ClInclude Include="include\BraidedNode.hpp">
      <Filter>Header Files</Filter>
    </ClInclude>
    <ClInclude Include="include\TreeNode.hpp">
      <Filter>Header Files</Filter>
    </ClInclude>
    <ClInclude Include="include\PolygonOperations.hpp">
      <Filter>Header Files</Filter>
    </ClInclude>
    <ClInclude Include="include\PolygonIO.hpp">
      <Filter>Header Files</Filter>
    </ClInclude>
  </ItemGroup>
  <ItemGroup>
    <ClCompile Include="src\ConvexHull.cpp">
      <Filter>Source Files</Filter>
    </ClCompile>
    <ClCompile Include="src\Edge.cpp">
      <Filter>Source Files</Filter>
    </ClCompile>
    <ClCompile Include="src\GeometryUtils.cpp">
      <Filter>Source Files</Filter>
    </ClCompile>
    <ClCompile Include="src\Intersection.cpp">
      <Filter>Source Files</Filter>
    </ClCompile>
    <ClCompile Include="src\main.cpp">
      <Filter>Source Files</Filter>
    </ClCompile>
    <ClCompile Include="src\Node.cpp">
      <Filter>Source Files</Filter>
    </ClCompile>
    <ClCompile Include="src\Point.cpp">
      <Filter>Source Files</Filter>
    </ClCompile>
    <ClCompile Include="src\Polygon.cpp">
      <Filter>Source Files</Filter>
    </ClCompile>
    <ClCompile Include="src\Vertex.cpp">
      <Filter>Source Files</Filter>
    </ClCompile>
    <ClCompile Include="tests\test_edge.cpp">
      <Filter>tests</Filter>
    </ClCompile>
    <ClCompile Include="tests\test_Intersection.cpp">
      <Filter>tests</Filter>
    </ClCompile>
    <ClCompile Include="tests\test_Node.cpp">
      <Filter>tests</Filter>
    </ClCompile>
    <ClCompile Include="tests\test_Point.cpp">
      <Filter>tests</Filter>
    </ClCompile>
    <ClCompile Include="tests\test_Polygonal.cpp">
      <Filter>tests</Filter>
    </ClCompile>
    <ClCompile Include="tests\test_Vertex.cpp">
      <Filter>tests</Filter>
    </ClCompile>
    <ClCompile Include="tests\test_ConvexHull.cpp">
      <Filter>tests</Filter>
    </ClCompile>
    <ClCompile Include="src\PlaneSweep.cpp">
      <Filter>Source Files</Filter>
    </ClCompile>
    <ClCompile Include="tests\test_PlaneSweep.cpp">
      <Filter>tests</Filter>
    </ClCompile>
    <ClCompile Include="src\PolygonOperations.cpp">
      <Filter>Source Files</Filter>
    </ClCompile>
    <ClCompile Include="tests\test_subtrat.cpp">
      <Filter>tests</Filter>
    </ClCompile>
    <ClCompile Include="src\PolygonIO.cpp">
      <Filter>Source Files</Filter>
    </ClCompile>
  </ItemGroup>
  <ItemGroup>
    <None Include="dlls\gtestx64_debug\gmock.dll">
      <Filter>dlls\gtestx64_debug</Filter>
    </None>
    <None Include="dlls\gtestx64_debug\gmock_main.dll">
      <Filter>dlls\gtestx64_debug</Filter>
    </None>
    <None Include="dlls\gtestx64_debug\gmock_mainpdb_debug_postfix-NOTFOUND.pdb">
      <Filter>dlls\gtestx64_debug</Filter>
    </None>
    <None Include="dlls\gtestx64_debug\gmockpdb_debug_postfix-NOTFOUND.pdb">
      <Filter>dlls\gtestx64_debug</Filter>
    </None>
    <None Include="dlls\gtestx64_debug\gtest.dll">
      <Filter>dlls\gtestx64_debug</Filter>
    </None>
    <None Include="dlls\gtestx64_debug\gtest_main.dll">
      <Filter>dlls\gtestx64_debug</Filter>
    </None>
    <None Include="dlls\gtestx64_debug\gtest_mainpdb_debug_postfix-NOTFOUND.pdb">
      <Filter>dlls\gtestx64_debug</Filter>
    </None>
    <None Include="dlls\gtestx64_debug\gtestpdb_debug_postfix-NOTFOUND.pdb">
      <Filter>dlls\gtestx64_debug</Filter>
    </None>
    <None Include="README.md" />
    <None Include="ClassDiagram.cd" />
  </ItemGroup>
</Project>